
Microsoft Visual Studio Solution File, Format Version 12.00
# Visual Studio Version 17
VisualStudioVersion = 17.8.34330.188
MinimumVisualStudioVersion = 10.0.40219.1
Project("{FAE04EC0-301F-11D3-BF4B-00C04F79EFBC}") = "WinFormsApp1", "WinFormsApp1\WinFormsApp1.csproj", "{59D92C0C-A1F7-49CC-878B-4904CFF4F36A}"
EndProject
Global
	GlobalSection(SolutionConfigurationPlatforms) = preSolution
		Debug|Any CPU = Debug|Any CPU
		Release|Any CPU = Release|Any CPU
	EndGlobalSection
	GlobalSection(ProjectConfigurationPlatforms) = postSolution
		{59D92C0C-A1F7-49CC-878B-4904CFF4F36A}.Debug|Any CPU.ActiveCfg = Debug|Any CPU
		{59D92C0C-A1F7-49CC-878B-4904CFF4F36A}.Debug|Any CPU.Build.0 = Debug|Any CPU
		{59D92C0C-A1F7-49CC-878B-4904CFF4F36A}.Release|Any CPU.ActiveCfg = Release|Any CPU
		{59D92C0C-A1F7-49CC-878B-4904CFF4F36A}.Release|Any CPU.Build.0 = Release|Any CPU
	EndGlobalSection
	GlobalSection(SolutionProperties) = preSolution
		HideSolutionNode = FALSE
	EndGlobalSection
	GlobalSection(ExtensibilityGlobals) = postSolution
		SolutionGuid = {6ACF91F1-1AA2-4CE5-B245-E924D4811CCD}
	EndGlobalSection
EndGlobal
